Microsoft Visual Studio Solution File, Format Version 12.00
# Visual Studio Version 17
VisualStudioVersion = 17.5.2.0
MinimumVisualStudioVersion = 10.0.40219.1
Project("{FAE04EC0-301F-11D3-BF4B-00C04F79EFBC}") = "StudentReminderApp", "StudentReminderApp.csproj", "{BB257E48-1715-6FD2-F73A-7117BD507826}"
EndProject
Global
	GlobalSection(SolutionConfigurationPlatforms) = preSolution
		Debug|Any CPU = Debug|Any CPU
		Release|Any CPU = Release|Any CPU
	EndGlobalSection
	GlobalSection(ProjectConfigurationPlatforms) = postSolution
		{BB257E48-1715-6FD2-F73A-7117BD507826}.Debug|Any CPU.ActiveCfg = Debug|Any CPU
		{BB257E48-1715-6FD2-F73A-7117BD507826}.Debug|Any CPU.Build.0 = Debug|Any CPU
		{BB257E48-1715-6FD2-F73A-7117BD507826}.Release|Any CPU.ActiveCfg = Release|Any CPU
		{BB257E48-1715-6FD2-F73A-7117BD507826}.Release|Any CPU.Build.0 = Release|Any CPU
	EndGlobalSection
	GlobalSection(SolutionProperties) = preSolution
		HideSolutionNode = FALSE
	EndGlobalSection
	GlobalSection(ExtensibilityGlobals) = postSolution
		SolutionGuid = {279AF12C-CAE5-4F44-8E54-FB3A95AB4A4C}
	EndGlobalSection
EndGlobal
